
Microsoft Visual Studio Solution File, Format Version 12.00
# Visual Studio Version 17
VisualStudioVersion = 17.2.32630.192
MinimumVisualStudioVersion = 10.0.40219.1
Project("{FAE04EC0-301F-11D3-BF4B-00C04F79EFBC}") = "Delegados", "Delegados\Delegados.csproj", "{CA9714F9-2E9C-492C-98BF-27488F87E3F9}"
EndProject
Global
	GlobalSection(SolutionConfigurationPlatforms) = preSolution
		Debug|Any CPU = Debug|Any CPU
		Release|Any CPU = Release|Any CPU
	EndGlobalSection
	GlobalSection(ProjectConfigurationPlatforms) = postSolution
		{CA9714F9-2E9C-492C-98BF-27488F87E3F9}.Debug|Any CPU.ActiveCfg = Debug|Any CPU
		{CA9714F9-2E9C-492C-98BF-27488F87E3F9}.Debug|Any CPU.Build.0 = Debug|Any CPU
		{CA9714F9-2E9C-492C-98BF-27488F87E3F9}.Release|Any CPU.ActiveCfg = Release|Any CPU
		{CA9714F9-2E9C-492C-98BF-27488F87E3F9}.Release|Any CPU.Build.0 = Release|Any CPU
	EndGlobalSection
	GlobalSection(SolutionProperties) = preSolution
		HideSolutionNode = FALSE
	EndGlobalSection
	GlobalSection(ExtensibilityGlobals) = postSolution
		SolutionGuid = {5CA3056C-F258-403E-A407-D52A7F3A0F10}
	EndGlobalSection
EndGlobal
